
Microsoft Visual Studio Solution File, Format Version 12.00
# Visual Studio Version 16
VisualStudioVersion = 16.0.29806.167
MinimumVisualStudioVersion = 10.0.40219.1
Project("{FAE04EC0-301F-11D3-BF4B-00C04F79EFBC}") = "InvManConsoleApp", "InvManConsoleApp\InvManConsoleApp.csproj", "{EA9F9BE9-004C-477C-A83F-9FCF3A9FB97D}"
EndProject
Global
	GlobalSection(SolutionConfigurationPlatforms) = preSolution
		Debug|Any CPU = Debug|Any CPU
		Release|Any CPU = Release|Any CPU
	EndGlobalSection
	GlobalSection(ProjectConfigurationPlatforms) = postSolution
		{EA9F9BE9-004C-477C-A83F-9FCF3A9FB97D}.Debug|Any CPU.ActiveCfg = Debug|Any CPU
		{EA9F9BE9-004C-477C-A83F-9FCF3A9FB97D}.Debug|Any CPU.Build.0 = Debug|Any CPU
		{EA9F9BE9-004C-477C-A83F-9FCF3A9FB97D}.Release|Any CPU.ActiveCfg = Release|Any CPU
		{EA9F9BE9-004C-477C-A83F-9FCF3A9FB97D}.Release|Any CPU.Build.0 = Release|Any CPU
	EndGlobalSection
	GlobalSection(SolutionProperties) = preSolution
		HideSolutionNode = FALSE
	EndGlobalSection
	GlobalSection(ExtensibilityGlobals) = postSolution
		SolutionGuid = {F9FE02A8-633C-4901-9780-9BB2B881E8EA}
	EndGlobalSection
EndGlobal
